
Microsoft Visual Studio Solution File, Format Version 12.00
# Visual Studio 2013
VisualStudioVersion = 12.0.21005.1
MinimumVisualStudioVersion = 10.0.40219.1
Project("{FAE04EC0-301F-11D3-BF4B-00C04F79EFBC}") = "IWMS.Solutions.Server.AuthProvider", "IWMS.Solutions.Server.AuthProvider\IWMS.Solutions.Server.AuthProvider.csproj", "{6C6AA232-5B93-4173-A18F-AE8BB99FAF43}"
EndProject
Project("{FAE04EC0-301F-11D3-BF4B-00C04F79EFBC}") = "IWMS.Solutions.Server.WardDataProvider", "IWMS.Solutions.Server.WardDataProvider\IWMS.Solutions.Server.WardDataProvider.csproj", "{F96B63D8-225F-4640-B08B-494DCE5D90E0}"
EndProject
Project("{FAE04EC0-301F-11D3-BF4B-00C04F79EFBC}") = "IWMS.Solutions.Server.TestConsole", "IWMS.Solutions.Server.TestConsole\IWMS.Solutions.Server.TestConsole.csproj", "{A76BC7D4-1FFC-4FDF-BEDA-AE872E4AFF5F}"
EndProject
Project("{FAE04EC0-301F-11D3-BF4B-00C04F79EFBC}") = "IWMSService", "IWMS.Solutions.Server.ManagementService\IWMSService\IWMSService.csproj", "{7721FE22-8101-43F4-BF80-27842F98DABF}"
EndProject
Project("{FAE04EC0-301F-11D3-BF4B-00C04F79EFBC}") = "IWMS.Solutions.Server.BinServiceProvider", "IWMS.Solutions.Server.BinServiceProvider\IWMS.Solutions.Server.BinServiceProvider.csproj", "{5BFEE508-02C8-487A-90D6-B1898C9DE895}"
EndProject
Project("{FAE04EC0-301F-11D3-BF4B-00C04F79EFBC}") = "IWMS.Solutions.Server.CollectorServiceProvider", "IWMS.Solutions.Server.CollectorServiceProvider\IWMS.Solutions.Server.CollectorServiceProvider.csproj", "{B7517221-B1CC-4410-8BA1-B05EE1EEE775}"
EndProject
Project("{FAE04EC0-301F-11D3-BF4B-00C04F79EFBC}") = "IWMS.Solutions.Server.Dashboard", "IWMS.Solutions.Server.Dashboard\IWMS.Solutions.Server.Dashboard.csproj", "{CF89289C-382F-41BA-87A4-BD1F44E94F7F}"
EndProject
Project("{FAE04EC0-301F-11D3-BF4B-00C04F79EFBC}") = "IWMS.Solutions.Server.HealthService", "IWMS.Solutions.Server.HealthService\IWMS.Solutions.Server.HealthService.csproj", "{0774C59C-F843-49E5-8066-665C670FFEDC}"
EndProject
Project("{FAE04EC0-301F-11D3-BF4B-00C04F79EFBC}") = "IWMS.Solutions.Server.SpotImageServiceProvider", "IWMS.Solutions.Server.SpotImageServiceProvider\IWMS.Solutions.Server.SpotImageServiceProvider.csproj", "{7C3FC0E9-4B38-4D2A-B43B-7AE397C250F0}"
EndProject
Project("{FAE04EC0-301F-11D3-BF4B-00C04F79EFBC}") = "IWMS.Solutions.Server.QRCodeGenerator", "IWMS.Solutions.Server.QRCodeGenerator\IWMS.Solutions.Server.QRCodeGenerator.csproj", "{8A5C0B8E-480C-45B1-B961-8F21F994BD9A}"
EndProject
Project("{FAE04EC0-301F-11D3-BF4B-00C04F79EFBC}") = "IWMS.Solutions.Server.VolunteerServiceProvider", "IWMS.Solutions.Server.VolunteerServiceProvider\IWMS.Solutions.Server.VolunteerServiceProvider.csproj", "{113441D5-0F63-45A8-8925-02BB5E789FE5}"
EndProject
Project("{FAE04EC0-301F-11D3-BF4B-00C04F79EFBC}") = "IWMS.Solutions.Server.PointServiceProvider", "IWMS.Solutions.Server.PointServiceProvider\IWMS.Solutions.Server.PointServiceProvider.csproj", "{44550F79-A868-4342-845E-0E29AC8704A1}"
EndProject
Global
	GlobalSection(SolutionConfigurationPlatforms) = preSolution
		Debug|Any CPU = Debug|Any CPU
		Debug|Mixed Platforms = Debug|Mixed Platforms
		Debug|x86 = Debug|x86
		Release|Any CPU = Release|Any CPU
		Release|Mixed Platforms = Release|Mixed Platforms
		Release|x86 = Release|x86
	EndGlobalSection
	GlobalSection(ProjectConfigurationPlatforms) = postSolution
		{6C6AA232-5B93-4173-A18F-AE8BB99FAF43}.Debug|Any CPU.ActiveCfg = Debug|Any CPU
		{6C6AA232-5B93-4173-A18F-AE8BB99FAF43}.Debug|Any CPU.Build.0 = Debug|Any CPU
		{6C6AA232-5B93-4173-A18F-AE8BB99FAF43}.Debug|Mixed Platforms.ActiveCfg = Debug|Any CPU
		{6C6AA232-5B93-4173-A18F-AE8BB99FAF43}.Debug|Mixed Platforms.Build.0 = Debug|Any CPU
		{6C6AA232-5B93-4173-A18F-AE8BB99FAF43}.Debug|x86.ActiveCfg = Debug|Any CPU
		{6C6AA232-5B93-4173-A18F-AE8BB99FAF43}.Release|Any CPU.ActiveCfg = Release|Any CPU
		{6C6AA232-5B93-4173-A18F-AE8BB99FAF43}.Release|Any CPU.Build.0 = Release|Any CPU
		{6C6AA232-5B93-4173-A18F-AE8BB99FAF43}.Release|Mixed Platforms.ActiveCfg = Release|Any CPU
		{6C6AA232-5B93-4173-A18F-AE8BB99FAF43}.Release|Mixed Platforms.Build.0 = Release|Any CPU
		{6C6AA232-5B93-4173-A18F-AE8BB99FAF43}.Release|x86.ActiveCfg = Release|Any CPU
		{F96B63D8-225F-4640-B08B-494DCE5D90E0}.Debug|Any CPU.ActiveCfg = Debug|Any CPU
		{F96B63D8-225F-4640-B08B-494DCE5D90E0}.Debug|Any CPU.Build.0 = Debug|Any CPU
		{F96B63D8-225F-4640-B08B-494DCE5D90E0}.Debug|Mixed Platforms.ActiveCfg = Debug|Any CPU
		{F96B63D8-225F-4640-B08B-494DCE5D90E0}.Debug|Mixed Platforms.Build.0 = Debug|Any CPU
		{F96B63D8-225F-4640-B08B-494DCE5D90E0}.Debug|x86.ActiveCfg = Debug|Any CPU
		{F96B63D8-225F-4640-B08B-494DCE5D90E0}.Release|Any CPU.ActiveCfg = Release|Any CPU
		{F96B63D8-225F-4640-B08B-494DCE5D90E0}.Release|Any CPU.Build.0 = Release|Any CPU
		{F96B63D8-225F-4640-B08B-494DCE5D90E0}.Release|Mixed Platforms.ActiveCfg = Release|Any CPU
		{F96B63D8-225F-4640-B08B-494DCE5D90E0}.Release|Mixed Platforms.Build.0 = Release|Any CPU
		{F96B63D8-225F-4640-B08B-494DCE5D90E0}.Release|x86.ActiveCfg = Release|Any CPU
		{A76BC7D4-1FFC-4FDF-BEDA-AE872E4AFF5F}.Debug|Any CPU.ActiveCfg = Debug|Any CPU
		{A76BC7D4-1FFC-4FDF-BEDA-AE872E4AFF5F}.Debug|Any CPU.Build.0 = Debug|Any CPU
		{A76BC7D4-1FFC-4FDF-BEDA-AE872E4AFF5F}.Debug|Mixed Platforms.ActiveCfg = Debug|Any CPU
		{A76BC7D4-1FFC-4FDF-BEDA-AE872E4AFF5F}.Debug|Mixed Platforms.Build.0 = Debug|Any CPU
		{A76BC7D4-1FFC-4FDF-BEDA-AE872E4AFF5F}.Debug|x86.ActiveCfg = Debug|Any CPU
		{A76BC7D4-1FFC-4FDF-BEDA-AE872E4AFF5F}.Release|Any CPU.ActiveCfg = Release|Any CPU
		{A76BC7D4-1FFC-4FDF-BEDA-AE872E4AFF5F}.Release|Any CPU.Build.0 = Release|Any CPU
		{A76BC7D4-1FFC-4FDF-BEDA-AE872E4AFF5F}.Release|Mixed Platforms.ActiveCfg = Release|Any CPU
		{A76BC7D4-1FFC-4FDF-BEDA-AE872E4AFF5F}.Release|Mixed Platforms.Build.0 = Release|Any CPU
		{A76BC7D4-1FFC-4FDF-BEDA-AE872E4AFF5F}.Release|x86.ActiveCfg = Release|Any CPU
		{7721FE22-8101-43F4-BF80-27842F98DABF}.Debug|Any CPU.ActiveCfg = Debug|Any CPU
		{7721FE22-8101-43F4-BF80-27842F98DABF}.Debug|Any CPU.Build.0 = Debug|Any CPU
		{7721FE22-8101-43F4-BF80-27842F98DABF}.Debug|Mixed Platforms.ActiveCfg = Debug|Any CPU
		{7721FE22-8101-43F4-BF80-27842F98DABF}.Debug|Mixed Platforms.Build.0 = Debug|Any CPU
		{7721FE22-8101-43F4-BF80-27842F98DABF}.Debug|x86.ActiveCfg = Debug|Any CPU
		{7721FE22-8101-43F4-BF80-27842F98DABF}.Release|Any CPU.ActiveCfg = Release|Any CPU
		{7721FE22-8101-43F4-BF80-27842F98DABF}.Release|Any CPU.Build.0 = Release|Any CPU
		{7721FE22-8101-43F4-BF80-27842F98DABF}.Release|Mixed Platforms.ActiveCfg = Release|Any CPU
		{7721FE22-8101-43F4-BF80-27842F98DABF}.Release|Mixed Platforms.Build.0 = Release|Any CPU
		{7721FE22-8101-43F4-BF80-27842F98DABF}.Release|x86.ActiveCfg = Release|Any CPU
		{5BFEE508-02C8-487A-90D6-B1898C9DE895}.Debug|Any CPU.ActiveCfg = Debug|Any CPU
		{5BFEE508-02C8-487A-90D6-B1898C9DE895}.Debug|Any CPU.Build.0 = Debug|Any CPU
		{5BFEE508-02C8-487A-90D6-B1898C9DE895}.Debug|Mixed Platforms.ActiveCfg = Debug|Any CPU
		{5BFEE508-02C8-487A-90D6-B1898C9DE895}.Debug|Mixed Platforms.Build.0 = Debug|Any CPU
		{5BFEE508-02C8-487A-90D6-B1898C9DE895}.Debug|x86.ActiveCfg = Debug|Any CPU
		{5BFEE508-02C8-487A-90D6-B1898C9DE895}.Release|Any CPU.ActiveCfg = Release|Any CPU
		{5BFEE508-02C8-487A-90D6-B1898C9DE895}.Release|Any CPU.Build.0 = Release|Any CPU
		{5BFEE508-02C8-487A-90D6-B1898C9DE895}.Release|Mixed Platforms.ActiveCfg = Release|Any CPU
		{5BFEE508-02C8-487A-90D6-B1898C9DE895}.Release|Mixed Platforms.Build.0 = Release|Any CPU
		{5BFEE508-02C8-487A-90D6-B1898C9DE895}.Release|x86.ActiveCfg = Release|Any CPU
		{B7517221-B1CC-4410-8BA1-B05EE1EEE775}.Debug|Any CPU.ActiveCfg = Debug|Any CPU
		{B7517221-B1CC-4410-8BA1-B05EE1EEE775}.Debug|Any CPU.Build.0 = Debug|Any CPU
		{B7517221-B1CC-4410-8BA1-B05EE1EEE775}.Debug|Mixed Platforms.ActiveCfg = Debug|Any CPU
		{B7517221-B1CC-4410-8BA1-B05EE1EEE775}.Debug|Mixed Platforms.Build.0 = Debug|Any CPU
		{B7517221-B1CC-4410-8BA1-B05EE1EEE775}.Debug|x86.ActiveCfg = Debug|Any CPU
		{B7517221-B1CC-4410-8BA1-B05EE1EEE775}.Release|Any CPU.ActiveCfg = Release|Any CPU
		{B7517221-B1CC-4410-8BA1-B05EE1EEE775}.Release|Any CPU.Build.0 = Release|Any CPU
		{B7517221-B1CC-4410-8BA1-B05EE1EEE775}.Release|Mixed Platforms.ActiveCfg = Release|Any CPU
		{B7517221-B1CC-4410-8BA1-B05EE1EEE775}.Release|Mixed Platforms.Build.0 = Release|Any CPU
		{B7517221-B1CC-4410-8BA1-B05EE1EEE775}.Release|x86.ActiveCfg = Release|Any CPU
		{CF89289C-382F-41BA-87A4-BD1F44E94F7F}.Debug|Any CPU.ActiveCfg = Debug|Any CPU
		{CF89289C-382F-41BA-87A4-BD1F44E94F7F}.Debug|Any CPU.Build.0 = Debug|Any CPU
		{CF89289C-382F-41BA-87A4-BD1F44E94F7F}.Debug|Mixed Platforms.ActiveCfg = Debug|Any CPU
		{CF89289C-382F-41BA-87A4-BD1F44E94F7F}.Debug|Mixed Platforms.Build.0 = Debug|Any CPU
		{CF89289C-382F-41BA-87A4-BD1F44E94F7F}.Debug|x86.ActiveCfg = Debug|Any CPU
		{CF89289C-382F-41BA-87A4-BD1F44E94F7F}.Release|Any CPU.ActiveCfg = Release|Any CPU
		{CF89289C-382F-41BA-87A4-BD1F44E94F7F}.Release|Any CPU.Build.0 = Release|Any CPU
		{CF89289C-382F-41BA-87A4-BD1F44E94F7F}.Release|Mixed Platforms.ActiveCfg = Release|Any CPU
		{CF89289C-382F-41BA-87A4-BD1F44E94F7F}.Release|Mixed Platforms.Build.0 = Release|Any CPU
		{CF89289C-382F-41BA-87A4-BD1F44E94F7F}.Release|x86.ActiveCfg = Release|Any CPU
		{0774C59C-F843-49E5-8066-665C670FFEDC}.Debug|Any CPU.ActiveCfg = Debug|Any CPU
		{0774C59C-F843-49E5-8066-665C670FFEDC}.Debug|Any CPU.Build.0 = Debug|Any CPU
		{0774C59C-F843-49E5-8066-665C670FFEDC}.Debug|Mixed Platforms.ActiveCfg = Debug|Any CPU
		{0774C59C-F843-49E5-8066-665C670FFEDC}.Debug|Mixed Platforms.Build.0 = Debug|Any CPU
		{0774C59C-F843-49E5-8066-665C670FFEDC}.Debug|x86.ActiveCfg = Debug|Any CPU
		{0774C59C-F843-49E5-8066-665C670FFEDC}.Release|Any CPU.ActiveCfg = Release|Any CPU
		{0774C59C-F843-49E5-8066-665C670FFEDC}.Release|Any CPU.Build.0 = Release|Any CPU
		{0774C59C-F843-49E5-8066-665C670FFEDC}.Release|Mixed Platforms.ActiveCfg = Release|Any CPU
		{0774C59C-F843-49E5-8066-665C670FFEDC}.Release|Mixed Platforms.Build.0 = Release|Any CPU
		{0774C59C-F843-49E5-8066-665C670FFEDC}.Release|x86.ActiveCfg = Release|Any CPU
		{7C3FC0E9-4B38-4D2A-B43B-7AE397C250F0}.Debug|Any CPU.ActiveCfg = Debug|Any CPU
		{7C3FC0E9-4B38-4D2A-B43B-7AE397C250F0}.Debug|Any CPU.Build.0 = Debug|Any CPU
		{7C3FC0E9-4B38-4D2A-B43B-7AE397C250F0}.Debug|Mixed Platforms.ActiveCfg = Debug|Any CPU
		{7C3FC0E9-4B38-4D2A-B43B-7AE397C250F0}.Debug|Mixed Platforms.Build.0 = Debug|Any CPU
		{7C3FC0E9-4B38-4D2A-B43B-7AE397C250F0}.Debug|x86.ActiveCfg = Debug|Any CPU
		{7C3FC0E9-4B38-4D2A-B43B-7AE397C250F0}.Release|Any CPU.ActiveCfg = Release|Any CPU
		{7C3FC0E9-4B38-4D2A-B43B-7AE397C250F0}.Release|Any CPU.Build.0 = Release|Any CPU
		{7C3FC0E9-4B38-4D2A-B43B-7AE397C250F0}.Release|Mixed Platforms.ActiveCfg = Release|Any CPU
		{7C3FC0E9-4B38-4D2A-B43B-7AE397C250F0}.Release|Mixed Platforms.Build.0 = Release|Any CPU
		{7C3FC0E9-4B38-4D2A-B43B-7AE397C250F0}.Release|x86.ActiveCfg = Release|Any CPU
		{8A5C0B8E-480C-45B1-B961-8F21F994BD9A}.Debug|Any CPU.ActiveCfg = Debug|x86
		{8A5C0B8E-480C-45B1-B961-8F21F994BD9A}.Debug|Mixed Platforms.ActiveCfg = Debug|x86
		{8A5C0B8E-480C-45B1-B961-8F21F994BD9A}.Debug|Mixed Platforms.Build.0 = Debug|x86
		{8A5C0B8E-480C-45B1-B961-8F21F994BD9A}.Debug|x86.ActiveCfg = Debug|x86
		{8A5C0B8E-480C-45B1-B961-8F21F994BD9A}.Debug|x86.Build.0 = Debug|x86
		{8A5C0B8E-480C-45B1-B961-8F21F994BD9A}.Release|Any CPU.ActiveCfg = Release|x86
		{8A5C0B8E-480C-45B1-B961-8F21F994BD9A}.Release|Mixed Platforms.ActiveCfg = Release|x86
		{8A5C0B8E-480C-45B1-B961-8F21F994BD9A}.Release|Mixed Platforms.Build.0 = Release|x86
		{8A5C0B8E-480C-45B1-B961-8F21F994BD9A}.Release|x86.ActiveCfg = Release|x86
		{8A5C0B8E-480C-45B1-B961-8F21F994BD9A}.Release|x86.Build.0 = Release|x86
		{113441D5-0F63-45A8-8925-02BB5E789FE5}.Debug|Any CPU.ActiveCfg = Debug|Any CPU
		{113441D5-0F63-45A8-8925-02BB5E789FE5}.Debug|Any CPU.Build.0 = Debug|Any CPU
		{113441D5-0F63-45A8-8925-02BB5E789FE5}.Debug|Mixed Platforms.ActiveCfg = Debug|Any CPU
		{113441D5-0F63-45A8-8925-02BB5E789FE5}.Debug|Mixed Platforms.Build.0 = Debug|Any CPU
		{113441D5-0F63-45A8-8925-02BB5E789FE5}.Debug|x86.ActiveCfg = Debug|Any CPU
		{113441D5-0F63-45A8-8925-02BB5E789FE5}.Release|Any CPU.ActiveCfg = Release|Any CPU
		{113441D5-0F63-45A8-8925-02BB5E789FE5}.Release|Any CPU.Build.0 = Release|Any CPU
		{113441D5-0F63-45A8-8925-02BB5E789FE5}.Release|Mixed Platforms.ActiveCfg = Release|Any CPU
		{113441D5-0F63-45A8-8925-02BB5E789FE5}.Release|Mixed Platforms.Build.0 = Release|Any CPU
		{113441D5-0F63-45A8-8925-02BB5E789FE5}.Release|x86.ActiveCfg = Release|Any CPU
		{44550F79-A868-4342-845E-0E29AC8704A1}.Debug|Any CPU.ActiveCfg = Debug|Any CPU
		{44550F79-A868-4342-845E-0E29AC8704A1}.Debug|Any CPU.Build.0 = Debug|Any CPU
		{44550F79-A868-4342-845E-0E29AC8704A1}.Debug|Mixed Platforms.ActiveCfg = Debug|Any CPU
		{44550F79-A868-4342-845E-0E29AC8704A1}.Debug|Mixed Platforms.Build.0 = Debug|Any CPU
		{44550F79-A868-4342-845E-0E29AC8704A1}.Debug|x86.ActiveCfg = Debug|Any CPU
		{44550F79-A868-4342-845E-0E29AC8704A1}.Release|Any CPU.ActiveCfg = Release|Any CPU
		{44550F79-A868-4342-845E-0E29AC8704A1}.Release|Any CPU.Build.0 = Release|Any CPU
		{44550F79-A868-4342-845E-0E29AC8704A1}.Release|Mixed Platforms.ActiveCfg = Release|Any CPU
		{44550F79-A868-4342-845E-0E29AC8704A1}.Release|Mixed Platforms.Build.0 = Release|Any CPU
		{44550F79-A868-4342-845E-0E29AC8704A1}.Release|x86.ActiveCfg = Release|Any CPU
	EndGlobalSection
	GlobalSection(SolutionProperties) = preSolution
		HideSolutionNode = FALSE
	EndGlobalSection
EndGlobal
